
Microsoft Visual Studio Solution File, Format Version 12.00
# Visual Studio Version 18
VisualStudioVersion = 18.3.11512.155 d18.3
MinimumVisualStudioVersion = 10.0.40219.1
Project("{FAE04EC0-301F-11D3-BF4B-00C04F79EFBC}") = "C-Sharp_Lernen", "C-Sharp_Lernen.csproj", "{0EB662CA-8268-4735-389E-AF27AFE475AD}"
EndProject
Global
	GlobalSection(SolutionConfigurationPlatforms) = preSolution
		Debug|Any CPU = Debug|Any CPU
		Release|Any CPU = Release|Any CPU
	EndGlobalSection
	GlobalSection(ProjectConfigurationPlatforms) = postSolution
		{0EB662CA-8268-4735-389E-AF27AFE475AD}.Debug|Any CPU.ActiveCfg = Debug|Any CPU
		{0EB662CA-8268-4735-389E-AF27AFE475AD}.Debug|Any CPU.Build.0 = Debug|Any CPU
		{0EB662CA-8268-4735-389E-AF27AFE475AD}.Release|Any CPU.ActiveCfg = Release|Any CPU
		{0EB662CA-8268-4735-389E-AF27AFE475AD}.Release|Any CPU.Build.0 = Release|Any CPU
	EndGlobalSection
	GlobalSection(SolutionProperties) = preSolution
		HideSolutionNode = FALSE
	EndGlobalSection
	GlobalSection(ExtensibilityGlobals) = postSolution
		SolutionGuid = {8E029559-1B28-4D25-9AA6-D20D90AC4D38}
	EndGlobalSection
EndGlobal
